# This file is autogenerated, do not edit; changes may be undone by the next 'dep ensure'.


[[projects]]
  name = "github.com/tcnksm/go-gitconfig"
  packages = ["."]
  revision = "d154598bacbf4501c095a309753c5d4af66caa81"
  version = "v0.1.2"

[[projects]]
  name = "github.com/techjacker/diffence"
  packages = ["."]
  revision = "9be256405098f5b5856f5f4a7e18af765ead2ea3"
  version = "0.2.0"

[solve-meta]
  analyzer-name = "dep"
  analyzer-version = 1
  inputs-digest = "bc0214b2a3df014d5a402bbf75d818a6c2f2c1c14123d9d86974c2dd318b91c3"
  solver-name = "gps-cdcl"
  solver-version = 1
